// !$*UTF8*$!
{
	archiveVersion = 1;
	classes = {
	};
	objectVersion = 48;
	objects = {

/* Begin PBXBuildFile section */
		28255D3E20979C770075DBBB /* Model.swift in Sources */ = {isa = PBXBuildFile; fileRef = 28255D3D20979C770075DBBB /* Model.swift */; };
		28255D4120979F0A0075DBBB /* ViewModel.swift in Sources */ = {isa = PBXBuildFile; fileRef = 28255D4020979F0A0075DBBB /* ViewModel.swift */; };
		28255D442097A1780075DBBB /* Service.swift in Sources */ = {isa = PBXBuildFile; fileRef = 28255D432097A1780075DBBB /* Service.swift */; };
		28255D462098589F0075DBBB /* BLEService.swift in Sources */ = {isa = PBXBuildFile; fileRef = 28255D452098589F0075DBBB /* BLEService.swift */; };
		742E2550209784AA0070ABEC /* AppDelegate.swift in Sources */ = {isa = PBXBuildFile; fileRef = 742E254F209784AA0070ABEC /* AppDelegate.swift */; };
		742E2552209784AA0070ABEC /* ViewController.swift in Sources */ = {isa = PBXBuildFile; fileRef = 742E2551209784AA0070ABEC /* ViewController.swift */; };
		742E2555209784AA0070ABEC /* Main.storyboard in Resources */ = {isa = PBXBuildFile; fileRef = 742E2553209784AA0070ABEC /* Main.storyboard */; };
		742E2557209784AA0070ABEC /* Assets.xcassets in Resources */ = {isa = PBXBuildFile; fileRef = 742E2556209784AA0070ABEC /* Assets.xcassets */; };
		742E255A209784AA0070ABEC /* LaunchScreen.storyboard in Resources */ = {isa = PBXBuildFile; fileRef = 742E2558209784AA0070ABEC /* LaunchScreen.storyboard */; };
		742E259A2098C3AC0070ABEC /* UUIDKey.swift in Sources */ = {isa = PBXBuildFile; fileRef = 742E25972098C3AC0070ABEC /* UUIDKey.swift */; };
		742E25A22098C64A0070ABEC /* BTConnector.swift in Sources */ = {isa = PBXBuildFile; fileRef = 742E25A12098C64A0070ABEC /* BTConnector.swift */; };
		F8A84DE2B73D716C635ABB54 /* Pods_HeroesOfPax.framework in Frameworks */ = {isa = PBXBuildFile; fileRef = 233478F0876F3FC0B96EFBE9 /* Pods_HeroesOfPax.framework */; };
/* End PBXBuildFile section */

/* Begin PBXFileReference section */
		1B3A41AE7A66DC97261A33DB /* Pods-HeroesOfPax.release.xcconfig */ = {isa = PBXFileReference; includeInIndex = 1; lastKnownFileType = text.xcconfig; name = "Pods-HeroesOfPax.release.xcconfig"; path = "Pods/Target Support Files/Pods-HeroesOfPax/Pods-HeroesOfPax.release.xcconfig"; sourceTree = "<group>"; };
		233478F0876F3FC0B96EFBE9 /* Pods_HeroesOfPax.framework */ = {isa = PBXFileReference; explicitFileType = wrapper.framework; includeInIndex = 0; path = Pods_HeroesOfPax.framework; sourceTree = BUILT_PRODUCTS_DIR; };
		28255D3D20979C770075DBBB /* Model.swift */ = {isa = PBXFileReference; lastKnownFileType = sourcecode.swift; path = Model.swift; sourceTree = "<group>"; };
		28255D4020979F0A0075DBBB /* ViewModel.swift */ = {isa = PBXFileReference; lastKnownFileType = sourcecode.swift; path = ViewModel.swift; sourceTree = "<group>"; };
		28255D432097A1780075DBBB /* Service.swift */ = {isa = PBXFileReference; lastKnownFileType = sourcecode.swift; path = Service.swift; sourceTree = "<group>"; };
		28255D452098589F0075DBBB /* BLEService.swift */ = {isa = PBXFileReference; lastKnownFileType = sourcecode.swift; path = BLEService.swift; sourceTree = "<group>"; };
		742E254C209784AA0070ABEC /* HeroesOfPax.app */ = {isa = PBXFileReference; explicitFileType = wrapper.application; includeInIndex = 0; path = HeroesOfPax.app; sourceTree = BUILT_PRODUCTS_DIR; };
		742E254F209784AA0070ABEC /* AppDelegate.swift */ = {isa = PBXFileReference; lastKnownFileType = sourcecode.swift; path = AppDelegate.swift; sourceTree = "<group>"; };
		742E2551209784AA0070ABEC /* ViewController.swift */ = {isa = PBXFileReference; lastKnownFileType = sourcecode.swift; path = ViewController.swift; sourceTree = "<group>"; };
		742E2554209784AA0070ABEC /* Base */ = {isa = PBXFileReference; lastKnownFileType = file.storyboard; name = Base; path = Base.lproj/Main.storyboard; sourceTree = "<group>"; };
		742E2556209784AA0070ABEC /* Assets.xcassets */ = {isa = PBXFileReference; lastKnownFileType = folder.assetcatalog; path = Assets.xcassets; sourceTree = "<group>"; };
		742E2559209784AA0070ABEC /* Base */ = {isa = PBXFileReference; lastKnownFileType = file.storyboard; name = Base; path = Base.lproj/LaunchScreen.storyboard; sourceTree = "<group>"; };
		742E255B209784AA0070ABEC /* Info.plist */ = {isa = PBXFileReference; lastKnownFileType = text.plist.xml; path = Info.plist; sourceTree = "<group>"; };
		742E25972098C3AC0070ABEC /* UUIDKey.swift */ = {isa = PBXFileReference; fileEncoding = 4; lastKnownFileType = sourcecode.swift; path = UUIDKey.swift; sourceTree = "<group>"; };
		742E25A12098C64A0070ABEC /* BTConnector.swift */ = {isa = PBXFileReference; lastKnownFileType = sourcecode.swift; path = BTConnector.swift; sourceTree = "<group>"; };
		D1B1096E0A2F75607FAF452D /* Pods-HeroesOfPax.debug.xcconfig */ = {isa = PBXFileReference; includeInIndex = 1; lastKnownFileType = text.xcconfig; name = "Pods-HeroesOfPax.debug.xcconfig"; path = "Pods/Target Support Files/Pods-HeroesOfPax/Pods-HeroesOfPax.debug.xcconfig"; sourceTree = "<group>"; };
/* End PBXFileReference section */

/* Begin PBXFrameworksBuildPhase section */
		742E2549209784A90070ABEC /* Frameworks */ = {
			isa = PBXFrameworksBuildPhase;
			buildActionMask = 2147483647;
			files = (
				F8A84DE2B73D716C635ABB54 /* Pods_HeroesOfPax.framework in Frameworks */,
			);
			runOnlyForDeploymentPostprocessing = 0;
		};
/* End PBXFrameworksBuildPhase section */

/* Begin PBXGroup section */
		28255D3C20979C580075DBBB /* Model */ = {
			isa = PBXGroup;
			children = (
				28255D3D20979C770075DBBB /* Model.swift */,
			);
			path = Model;
			sourceTree = "<group>";
		};
		28255D3F20979EFF0075DBBB /* ViewModel */ = {
			isa = PBXGroup;
			children = (
				28255D4020979F0A0075DBBB /* ViewModel.swift */,
			);
			path = ViewModel;
			sourceTree = "<group>";
		};
		28255D422097A1660075DBBB /* Service */ = {
			isa = PBXGroup;
			children = (
				28255D432097A1780075DBBB /* Service.swift */,
				28255D452098589F0075DBBB /* BLEService.swift */,
			);
			path = Service;
			sourceTree = "<group>";
		};
		28255D47209886230075DBBB /* Views */ = {
			isa = PBXGroup;
			children = (
			);
			path = Views;
			sourceTree = "<group>";
		};
		494B856A431F31C8EF085F73 /* Frameworks */ = {
			isa = PBXGroup;
			children = (
				233478F0876F3FC0B96EFBE9 /* Pods_HeroesOfPax.framework */,
			);
			name = Frameworks;
			sourceTree = "<group>";
		};
		6E024B4CA64C41B870DAFAD4 /* Pods */ = {
			isa = PBXGroup;
			children = (
				D1B1096E0A2F75607FAF452D /* Pods-HeroesOfPax.debug.xcconfig */,
				1B3A41AE7A66DC97261A33DB /* Pods-HeroesOfPax.release.xcconfig */,
			);
			name = Pods;
			sourceTree = "<group>";
		};
		742E2543209784A90070ABEC = {
			isa = PBXGroup;
			children = (
				742E25962098C2BA0070ABEC /* BT */,
				28255D47209886230075DBBB /* Views */,
				28255D422097A1660075DBBB /* Service */,
				28255D3F20979EFF0075DBBB /* ViewModel */,
				28255D3C20979C580075DBBB /* Model */,
				742E254E209784AA0070ABEC /* HeroesOfPax */,
				742E254D209784AA0070ABEC /* Products */,
				6E024B4CA64C41B870DAFAD4 /* Pods */,
				494B856A431F31C8EF085F73 /* Frameworks */,
			);
			sourceTree = "<group>";
		};
		742E254D209784AA0070ABEC /* Products */ = {
			isa = PBXGroup;
			children = (
				742E254C209784AA0070ABEC /* HeroesOfPax.app */,
			);
			name = Products;
			sourceTree = "<group>";
		};
		742E254E209784AA0070ABEC /* HeroesOfPax */ = {
			isa = PBXGroup;
			children = (
				742E254F209784AA0070ABEC /* AppDelegate.swift */,
				742E2551209784AA0070ABEC /* ViewController.swift */,
				742E2553209784AA0070ABEC /* Main.storyboard */,
				742E2556209784AA0070ABEC /* Assets.xcassets */,
				742E2558209784AA0070ABEC /* LaunchScreen.storyboard */,
				742E255B209784AA0070ABEC /* Info.plist */,
			);
			path = HeroesOfPax;
			sourceTree = "<group>";
		};
		742E25962098C2BA0070ABEC /* BT */ = {
			isa = PBXGroup;
			children = (
				742E25972098C3AC0070ABEC /* UUIDKey.swift */,
				742E25A12098C64A0070ABEC /* BTConnector.swift */,
			);
			name = BT;
			path = HeroesOfPax/BT;
			sourceTree = "<group>";
		};
/* End PBXGroup section */

/* Begin PBXNativeTarget section */
		742E254B209784A90070ABEC /* HeroesOfPax */ = {
			isa = PBXNativeTarget;
			buildConfigurationList = 742E255E209784AA0070ABEC /* Build configuration list for PBXNativeTarget "HeroesOfPax" */;
			buildPhases = (
				EFC39042016E8F509D844A03 /* [CP] Check Pods Manifest.lock */,
				742E2548209784A90070ABEC /* Sources */,
				742E2549209784A90070ABEC /* Frameworks */,
				742E254A209784A90070ABEC /* Resources */,
				AA65EF3D6CB4D160FD30B17C /* [CP] Embed Pods Frameworks */,
				C3332A2E81D84C4B9B9713D4 /* [CP] Copy Pods Resources */,
			);
			buildRules = (
			);
			dependencies = (
			);
			name = HeroesOfPax;
			productName = HeroesOfPax;
			productReference = 742E254C209784AA0070ABEC /* HeroesOfPax.app */;
			productType = "com.apple.product-type.application";
		};
/* End PBXNativeTarget section */

/* Begin PBXProject section */
		742E2544209784A90070ABEC /* Project object */ = {
			isa = PBXProject;
			attributes = {
				LastSwiftUpdateCheck = 0920;
				LastUpgradeCheck = 0920;
				ORGANIZATIONNAME = MakersForHeroes;
				TargetAttributes = {
					742E254B209784A90070ABEC = {
						CreatedOnToolsVersion = 9.2;
						ProvisioningStyle = Automatic;
					};
				};
			};
			buildConfigurationList = 742E2547209784A90070ABEC /* Build configuration list for PBXProject "HeroesOfPax" */;
			compatibilityVersion = "Xcode 8.0";
			developmentRegion = en;
			hasScannedForEncodings = 0;
			knownRegions = (
				en,
				Base,
			);
			mainGroup = 742E2543209784A90070ABEC;
			productRefGroup = 742E254D209784AA0070ABEC /* Products */;
			projectDirPath = "";
			projectRoot = "";
			targets = (
				742E254B209784A90070ABEC /* HeroesOfPax */,
			);
		};
/* End PBXProject section */

/* Begin PBXResourcesBuildPhase section */
		742E254A209784A90070ABEC /* Resources */ = {
			isa = PBXResourcesBuildPhase;
			buildActionMask = 2147483647;
			files = (
				742E255A209784AA0070ABEC /* LaunchScreen.storyboard in Resources */,
				742E2557209784AA0070ABEC /* Assets.xcassets in Resources */,
				742E2555209784AA0070ABEC /* Main.storyboard in Resources */,
			);
			runOnlyForDeploymentPostprocessing = 0;
		};
/* End PBXResourcesBuildPhase section */

/* Begin PBXShellScriptBuildPhase section */
		AA65EF3D6CB4D160FD30B17C /* [CP] Embed Pods Frameworks */ = {
			isa = PBXShellScriptBuildPhase;
			buildActionMask = 2147483647;
			files = (
			);
			inputPaths = (
				"${SRCROOT}/Pods/Target Support Files/Pods-HeroesOfPax/Pods-HeroesOfPax-frameworks.sh",
				"${BUILT_PRODUCTS_DIR}/RxCocoa/RxCocoa.framework",
				"${BUILT_PRODUCTS_DIR}/RxOptional/RxOptional.framework",
				"${BUILT_PRODUCTS_DIR}/RxSwift/RxSwift.framework",
				"${BUILT_PRODUCTS_DIR}/SnapKit/SnapKit.framework",
			);
			name = "[CP] Embed Pods Frameworks";
			outputPaths = (
				"${TARGET_BUILD_DIR}/${FRAMEWORKS_FOLDER_PATH}/RxCocoa.framework",
				"${TARGET_BUILD_DIR}/${FRAMEWORKS_FOLDER_PATH}/RxOptional.framework",
				"${TARGET_BUILD_DIR}/${FRAMEWORKS_FOLDER_PATH}/RxSwift.framework",
				"${TARGET_BUILD_DIR}/${FRAMEWORKS_FOLDER_PATH}/SnapKit.framework",
			);
			runOnlyForDeploymentPostprocessing = 0;
			shellPath = /bin/sh;
			shellScript = "\"${SRCROOT}/Pods/Target Support Files/Pods-HeroesOfPax/Pods-HeroesOfPax-frameworks.sh\"\n";
			showEnvVarsInLog = 0;
		};
		C3332A2E81D84C4B9B9713D4 /* [CP] Copy Pods Resources */ = {
			isa = PBXShellScriptBuildPhase;
			buildActionMask = 2147483647;
			files = (
			);
			inputPaths = (
			);
			name = "[CP] Copy Pods Resources";
			outputPaths = (
			);
			runOnlyForDeploymentPostprocessing = 0;
			shellPath = /bin/sh;
			shellScript = "\"${SRCROOT}/Pods/Target Support Files/Pods-HeroesOfPax/Pods-HeroesOfPax-resources.sh\"\n";
			showEnvVarsInLog = 0;
		};
		EFC39042016E8F509D844A03 /* [CP] Check Pods Manifest.lock */ = {
			isa = PBXShellScriptBuildPhase;
			buildActionMask = 2147483647;
			files = (
			);
			inputPaths = (
				"${PODS_PODFILE_DIR_PATH}/Podfile.lock",
				"${PODS_ROOT}/Manifest.lock",
			);
			name = "[CP] Check Pods Manifest.lock";
			outputPaths = (
				"$(DERIVED_FILE_DIR)/Pods-HeroesOfPax-checkManifestLockResult.txt",
			);
			runOnlyForDeploymentPostprocessing = 0;
			shellPath = /bin/sh;
			shellScript = "diff \"${PODS_PODFILE_DIR_PATH}/Podfile.lock\" \"${PODS_ROOT}/Manifest.lock\" > /dev/null\nif [ $? != 0 ] ; then\n    # print error to STDERR\n    echo \"error: The sandbox is not in sync with the Podfile.lock. Run 'pod install' or update your CocoaPods installation.\" >&2\n    exit 1\nfi\n# This output is used by Xcode 'outputs' to avoid re-running this script phase.\necho \"SUCCESS\" > \"${SCRIPT_OUTPUT_FILE_0}\"\n";
			showEnvVarsInLog = 0;
		};
/* End PBXShellScriptBuildPhase section */

/* Begin PBXSourcesBuildPhase section */
		742E2548209784A90070ABEC /* Sources */ = {
			isa = PBXSourcesBuildPhase;
			buildActionMask = 2147483647;
			files = (
				742E259A2098C3AC0070ABEC /* UUIDKey.swift in Sources */,
				28255D3E20979C770075DBBB /* Model.swift in Sources */,
				742E2552209784AA0070ABEC /* ViewController.swift in Sources */,
				742E25A22098C64A0070ABEC /* BTConnector.swift in Sources */,
				28255D442097A1780075DBBB /* Service.swift in Sources */,
				28255D4120979F0A0075DBBB /* ViewModel.swift in Sources */,
				742E2550209784AA0070ABEC /* AppDelegate.swift in Sources */,
				28255D462098589F0075DBBB /* BLEService.swift in Sources */,
			);
			runOnlyForDeploymentPostprocessing = 0;
		};
/* End PBXSourcesBuildPhase section */

/* Begin PBXVariantGroup section */
		742E2553209784AA0070ABEC /* Main.storyboard */ = {
			isa = PBXVariantGroup;
			children = (
				742E2554209784AA0070ABEC /* Base */,
			);
			name = Main.storyboard;
			sourceTree = "<group>";
		};
		742E2558209784AA0070ABEC /* LaunchScreen.storyboard */ = {
			isa = PBXVariantGroup;
			children = (
				742E2559209784AA0070ABEC /* Base */,
			);
			name = LaunchScreen.storyboard;
			sourceTree = "<group>";
		};
/* End PBXVariantGroup section */

/* Begin XCBuildConfiguration section */
		742E255C209784AA0070ABEC /* Debug */ = {
			isa = XCBuildConfiguration;
			buildSettings = {
				ALWAYS_SEARCH_USER_PATHS = NO;
				CLANG_ANALYZER_NONNULL = YES;
				CLANG_ANALYZER_NUMBER_OBJECT_CONVERSION = YES_AGGRESSIVE;
				CLANG_CXX_LANGUAGE_STANDARD = "gnu++14";
				CLANG_CXX_LIBRARY = "libc++";
				CLANG_ENABLE_MODULES = YES;
				CLANG_ENABLE_OBJC_ARC = YES;
				CLANG_WARN_BLOCK_CAPTURE_AUTORELEASING = YES;
				CLANG_WARN_BOOL_CONVERSION = YES;
				CLANG_WARN_COMMA = YES;
				CLANG_WARN_CONSTANT_CONVERSION = YES;
				CLANG_WARN_DIRECT_OBJC_ISA_USAGE = YES_ERROR;
				CLANG_WARN_DOCUMENTATION_COMMENTS = YES;
				CLANG_WARN_EMPTY_BODY = YES;
				CLANG_WARN_ENUM_CONVERSION = YES;
				CLANG_WARN_INFINITE_RECURSION = YES;
				CLANG_WARN_INT_CONVERSION = YES;
				CLANG_WARN_NON_LITERAL_NULL_CONVERSION = YES;
				CLANG_WARN_OBJC_LITERAL_CONVERSION = YES;
				CLANG_WARN_OBJC_ROOT_CLASS = YES_ERROR;
				CLANG_WARN_RANGE_LOOP_ANALYSIS = YES;
				CLANG_WARN_STRICT_PROTOTYPES = YES;
				CLANG_WARN_SUSPICIOUS_MOVE = YES;
				CLANG_WARN_UNGUARDED_AVAILABILITY = YES_AGGRESSIVE;
				CLANG_WARN_UNREACHABLE_CODE = YES;
				CLANG_WARN__DUPLICATE_METHOD_MATCH = YES;
				CODE_SIGN_IDENTITY = "iPhone Developer";
				COPY_PHASE_STRIP = NO;
				DEBUG_INFORMATION_FORMAT = dwarf;
				ENABLE_STRICT_OBJC_MSGSEND = YES;
				ENABLE_TESTABILITY = YES;
				GCC_C_LANGUAGE_STANDARD = gnu11;
				GCC_DYNAMIC_NO_PIC = NO;
				GCC_NO_COMMON_BLOCKS = YES;
				GCC_OPTIMIZATION_LEVEL = 0;
				GCC_PREPROCESSOR_DEFINITIONS = (
					"DEBUG=1",
					"$(inherited)",
				);
				GCC_WARN_64_TO_32_BIT_CONVERSION = YES;
				GCC_WARN_ABOUT_RETURN_TYPE = YES_ERROR;
				GCC_WARN_UNDECLARED_SELECTOR = YES;
				GCC_WARN_UNINITIALIZED_AUTOS = YES_AGGRESSIVE;
				GCC_WARN_UNUSED_FUNCTION = YES;
				GCC_WARN_UNUSED_VARIABLE = YES;
				IPHONEOS_DEPLOYMENT_TARGET = 11.2;
				MTL_ENABLE_DEBUG_INFO = YES;
				ONLY_ACTIVE_ARCH = YES;
				SDKROOT = iphoneos;
				SWIFT_ACTIVE_COMPILATION_CONDITIONS = DEBUG;
				SWIFT_OPTIMIZATION_LEVEL = "-Onone";
			};
			name = Debug;
		};
		742E255D209784AA0070ABEC /* Release */ = {
			isa = XCBuildConfiguration;
			buildSettings = {
				ALWAYS_SEARCH_USER_PATHS = NO;
				CLANG_ANALYZER_NONNULL = YES;
				CLANG_ANALYZER_NUMBER_OBJECT_CONVERSION = YES_AGGRESSIVE;
				CLANG_CXX_LANGUAGE_STANDARD = "gnu++14";
				CLANG_CXX_LIBRARY = "libc++";
				CLANG_ENABLE_MODULES = YES;
				CLANG_ENABLE_OBJC_ARC = YES;
				CLANG_WARN_BLOCK_CAPTURE_AUTORELEASING = YES;
				CLANG_WARN_BOOL_CONVERSION = YES;
				CLANG_WARN_COMMA = YES;
				CLANG_WARN_CONSTANT_CONVERSION = YES;
				CLANG_WARN_DIRECT_OBJC_ISA_USAGE = YES_ERROR;
				CLANG_WARN_DOCUMENTATION_COMMENTS = YES;
				CLANG_WARN_EMPTY_BODY = YES;
				CLANG_WARN_ENUM_CONVERSION = YES;
				CLANG_WARN_INFINITE_RECURSION = YES;
				CLANG_WARN_INT_CONVERSION = YES;
				CLANG_WARN_NON_LITERAL_NULL_CONVERSION = YES;
				CLANG_WARN_OBJC_LITERAL_CONVERSION = YES;
				CLANG_WARN_OBJC_ROOT_CLASS = YES_ERROR;
				CLANG_WARN_RANGE_LOOP_ANALYSIS = YES;
				CLANG_WARN_STRICT_PROTOTYPES = YES;
				CLANG_WARN_SUSPICIOUS_MOVE = YES;
				CLANG_WARN_UNGUARDED_AVAILABILITY = YES_AGGRESSIVE;
				CLANG_WARN_UNREACHABLE_CODE = YES;
				CLANG_WARN__DUPLICATE_METHOD_MATCH = YES;
				CODE_SIGN_IDENTITY = "iPhone Developer";
				COPY_PHASE_STRIP = NO;
				DEBUG_INFORMATION_FORMAT = "dwarf-with-dsym";
				ENABLE_NS_ASSERTIONS = NO;
				ENABLE_STRICT_OBJC_MSGSEND = YES;
				GCC_C_LANGUAGE_STANDARD = gnu11;
				GCC_NO_COMMON_BLOCKS = YES;
				GCC_WARN_64_TO_32_BIT_CONVERSION = YES;
				GCC_WARN_ABOUT_RETURN_TYPE = YES_ERROR;
				GCC_WARN_UNDECLARED_SELECTOR = YES;
				GCC_WARN_UNINITIALIZED_AUTOS = YES_AGGRESSIVE;
				GCC_WARN_UNUSED_FUNCTION = YES;
				GCC_WARN_UNUSED_VARIABLE = YES;
				IPHONEOS_DEPLOYMENT_TARGET = 11.2;
				MTL_ENABLE_DEBUG_INFO = NO;
				SDKROOT = iphoneos;
				SWIFT_OPTIMIZATION_LEVEL = "-Owholemodule";
				VALIDATE_PRODUCT = YES;
			};
			name = Release;
		};
		742E255F209784AA0070ABEC /* Debug */ = {
			isa = XCBuildConfiguration;
			baseConfigurationReference = D1B1096E0A2F75607FAF452D /* Pods-HeroesOfPax.debug.xcconfig */;
			buildSettings = {
				ASSETCATALOG_COMPILER_APPICON_NAME = AppIcon;
				CODE_SIGN_STYLE = Automatic;
				DEVELOPMENT_TEAM = 546VN9DZRJ;
				INFOPLIST_FILE = HeroesOfPax/Info.plist;
				LD_RUNPATH_SEARCH_PATHS = "$(inherited) @executable_path/Frameworks";
				PRODUCT_BUNDLE_IDENTIFIER = makersforHeroes.HeroesOfPax;
				PRODUCT_NAME = "$(TARGET_NAME)";
				SWIFT_VERSION = 4.0;
				TARGETED_DEVICE_FAMILY = "1,2";
			};
			name = Debug;
		};
		742E2560209784AA0070ABEC /* Release */ = {
			isa = XCBuildConfiguration;
			baseConfigurationReference = 1B3A41AE7A66DC97261A33DB /* Pods-HeroesOfPax.release.xcconfig */;
			buildSettings = {
				ASSETCATALOG_COMPILER_APPICON_NAME = AppIcon;
				CODE_SIGN_STYLE = Automatic;
				DEVELOPMENT_TEAM = 546VN9DZRJ;
				INFOPLIST_FILE = HeroesOfPax/Info.plist;
				LD_RUNPATH_SEARCH_PATHS = "$(inherited) @executable_path/Frameworks";
				PRODUCT_BUNDLE_IDENTIFIER = makersforHeroes.HeroesOfPax;
				PRODUCT_NAME = "$(TARGET_NAME)";
				SWIFT_VERSION = 4.0;
				TARGETED_DEVICE_FAMILY = "1,2";
			};
			name = Release;
		};
/* End XCBuildConfiguration section */

/* Begin XCConfigurationList section */
		742E2547209784A90070ABEC /* Build configuration list for PBXProject "HeroesOfPax" */ = {
			isa = XCConfigurationList;
			buildConfigurations = (
				742E255C209784AA0070ABEC /* Debug */,
				742E255D209784AA0070ABEC /* Release */,
			);
			defaultConfigurationIsVisible = 0;
			defaultConfigurationName = Release;
		};
		742E255E209784AA0070ABEC /* Build configuration list for PBXNativeTarget "HeroesOfPax" */ = {
			isa = XCConfigurationList;
			buildConfigurations = (
				742E255F209784AA0070ABEC /* Debug */,
				742E2560209784AA0070ABEC /* Release */,
			);
			defaultConfigurationIsVisible = 0;
			defaultConfigurationName = Release;
		};
/* End XCConfigurationList section */
	};
	rootObject = 742E2544209784A90070ABEC /* Project object */;
}
